
Microsoft Visual Studio Solution File, Format Version 12.00
# Visual Studio Version 17
VisualStudioVersion = 17.6.33801.468
MinimumVisualStudioVersion = 10.0.40219.1
Project("{9A19103F-16F7-4668-BE54-9A1E7A4F7556}") = "TodoManager", "TodoManager\TodoManager.csproj", "{3227839D-370E-43D3-AEA4-ED63DEBF8BBB}"
EndProject
Global
	GlobalSection(SolutionConfigurationPlatforms) = preSolution
		Debug|Any CPU = Debug|Any CPU
		Release|Any CPU = Release|Any CPU
	EndGlobalSection
	GlobalSection(ProjectConfigurationPlatforms) = postSolution
		{3227839D-370E-43D3-AEA4-ED63DEBF8BBB}.Debug|Any CPU.ActiveCfg = Debug|Any CPU
		{3227839D-370E-43D3-AEA4-ED63DEBF8BBB}.Debug|Any CPU.Build.0 = Debug|Any CPU
		{3227839D-370E-43D3-AEA4-ED63DEBF8BBB}.Release|Any CPU.ActiveCfg = Release|Any CPU
		{3227839D-370E-43D3-AEA4-ED63DEBF8BBB}.Release|Any CPU.Build.0 = Release|Any CPU
	EndGlobalSection
	GlobalSection(SolutionProperties) = preSolution
		HideSolutionNode = FALSE
	EndGlobalSection
	GlobalSection(ExtensibilityGlobals) = postSolution
		SolutionGuid = {DD5BDFB1-7720-424B-93B2-F572D040B7D0}
	EndGlobalSection
EndGlobal
